Microsoft Visual Studio Solution File, Format Version 12.00
# Visual Studio Version 17
VisualStudioVersion = 17.5.2.0
MinimumVisualStudioVersion = 10.0.40219.1
Project("{FAE04EC0-301F-11D3-BF4B-00C04F79EFBC}") = "ThreeDimVectorProject", "ThreeDimVectorProject\ThreeDimVectorProject.csproj", "{06CDEA11-87DD-DD51-9000-9B28D0A1C979}"
EndProject
Global
	GlobalSection(SolutionConfigurationPlatforms) = preSolution
		Debug|Any CPU = Debug|Any CPU
		Release|Any CPU = Release|Any CPU
	EndGlobalSection
	GlobalSection(ProjectConfigurationPlatforms) = postSolution
		{06CDEA11-87DD-DD51-9000-9B28D0A1C979}.Debug|Any CPU.ActiveCfg = Debug|Any CPU
		{06CDEA11-87DD-DD51-9000-9B28D0A1C979}.Debug|Any CPU.Build.0 = Debug|Any CPU
		{06CDEA11-87DD-DD51-9000-9B28D0A1C979}.Release|Any CPU.ActiveCfg = Release|Any CPU
		{06CDEA11-87DD-DD51-9000-9B28D0A1C979}.Release|Any CPU.Build.0 = Release|Any CPU
	EndGlobalSection
	GlobalSection(SolutionProperties) = preSolution
		HideSolutionNode = FALSE
	EndGlobalSection
	GlobalSection(ExtensibilityGlobals) = postSolution
		SolutionGuid = {66D46AC0-44F6-4316-BB2B-308BCFEAD699}
	EndGlobalSection
EndGlobal
